
Microsoft Visual Studio Solution File, Format Version 12.00
# Visual Studio Version 16
VisualStudioVersion = 16.0.31911.196
MinimumVisualStudioVersion = 10.0.40219.1
Project("{FAE04EC0-301F-11D3-BF4B-00C04F79EFBC}") = "SubProject2", "SubProject2.csproj", "{BA7BF0DA-B8B7-4A61-8468-DD654036FCD1}"
EndProject
Global
	GlobalSection(SolutionConfigurationPlatforms) = preSolution
		Debug|Any CPU = Debug|Any CPU
		Release|Any CPU = Release|Any CPU
	EndGlobalSection
	GlobalSection(ProjectConfigurationPlatforms) = postSolution
		{BA7BF0DA-B8B7-4A61-8468-DD654036FCD1}.Debug|Any CPU.ActiveCfg = Debug|Any CPU
		{BA7BF0DA-B8B7-4A61-8468-DD654036FCD1}.Debug|Any CPU.Build.0 = Debug|Any CPU
		{BA7BF0DA-B8B7-4A61-8468-DD654036FCD1}.Release|Any CPU.ActiveCfg = Release|Any CPU
		{BA7BF0DA-B8B7-4A61-8468-DD654036FCD1}.Release|Any CPU.Build.0 = Release|Any CPU
	EndGlobalSection
	GlobalSection(SolutionProperties) = preSolution
		HideSolutionNode = FALSE
	EndGlobalSection
	GlobalSection(ExtensibilityGlobals) = postSolution
		SolutionGuid = {57EF771A-477B-4FF2-8754-C7E3363B9E23}
	EndGlobalSection
EndGlobal
